// !$*UTF8*$!
{
	archiveVersion = 1;
	classes = {
	};
	objectVersion = 56;
	objects = {

/* Begin PBXBuildFile section */
		9707CD6E2A24836100BD5947 /* post_VIew.swift in Sources */ = {isa = PBXBuildFile; fileRef = 9707CD6D2A24836100BD5947 /* post_VIew.swift */; };
		974DC7152A24D1D300B22979 /* content_View.swift in Sources */ = {isa = PBXBuildFile; fileRef = 974DC7142A24D1D300B22979 /* content_View.swift */; };
		976EEFA52A2717730017709E /* tag_change_View.swift in Sources */ = {isa = PBXBuildFile; fileRef = 976EEFA42A2717730017709E /* tag_change_View.swift */; };
		97B6D4DA2A239D6100DB4196 /* Lost_item_sharingApp.swift in Sources */ = {isa = PBXBuildFile; fileRef = 97B6D4D92A239D6100DB4196 /* Lost_item_sharingApp.swift */; };
		97B6D4DC2A239D6100DB4196 /* ContentView.swift in Sources */ = {isa = PBXBuildFile; fileRef = 97B6D4DB2A239D6100DB4196 /* ContentView.swift */; };
		97B6D4DE2A239D6200DB4196 /* Assets.xcassets in Resources */ = {isa = PBXBuildFile; fileRef = 97B6D4DD2A239D6200DB4196 /* Assets.xcassets */; };
		97B6D4E12A239D6200DB4196 /* Preview Assets.xcassets in Resources */ = {isa = PBXBuildFile; fileRef = 97B6D4E02A239D6200DB4196 /* Preview Assets.xcassets */; };
		97B6D4E82A23A3CC00DB4196 /* my_profile_View.swift in Sources */ = {isa = PBXBuildFile; fileRef = 97B6D4E72A23A3CC00DB4196 /* my_profile_View.swift */; };
/* End PBXBuildFile section */

/* Begin PBXFileReference section */
		9707CD6D2A24836100BD5947 /* post_VIew.swift */ = {isa = PBXFileReference; lastKnownFileType = sourcecode.swift; path = post_VIew.swift; sourceTree = "<group>"; };
		974DC7142A24D1D300B22979 /* content_View.swift */ = {isa = PBXFileReference; lastKnownFileType = sourcecode.swift; path = content_View.swift; sourceTree = "<group>"; };
		976EEFA42A2717730017709E /* tag_change_View.swift */ = {isa = PBXFileReference; lastKnownFileType = sourcecode.swift; path = tag_change_View.swift; sourceTree = "<group>"; };
		97B6D4D62A239D6100DB4196 /* Lost_item_sharing.app */ = {isa = PBXFileReference; explicitFileType = wrapper.application; includeInIndex = 0; path = Lost_item_sharing.app; sourceTree = BUILT_PRODUCTS_DIR; };
		97B6D4D92A239D6100DB4196 /* Lost_item_sharingApp.swift */ = {isa = PBXFileReference; lastKnownFileType = sourcecode.swift; path = Lost_item_sharingApp.swift; sourceTree = "<group>"; };
		97B6D4DB2A239D6100DB4196 /* ContentView.swift */ = {isa = PBXFileReference; lastKnownFileType = sourcecode.swift; path = ContentView.swift; sourceTree = "<group>"; };
		97B6D4DD2A239D6200DB4196 /* Assets.xcassets */ = {isa = PBXFileReference; lastKnownFileType = folder.assetcatalog; path = Assets.xcassets; sourceTree = "<group>"; };
		97B6D4E02A239D6200DB4196 /* Preview Assets.xcassets */ = {isa = PBXFileReference; lastKnownFileType = folder.assetcatalog; path = "Preview Assets.xcassets"; sourceTree = "<group>"; };
		97B6D4E72A23A3CC00DB4196 /* my_profile_View.swift */ = {isa = PBXFileReference; lastKnownFileType = sourcecode.swift; path = my_profile_View.swift; sourceTree = "<group>"; };
/* End PBXFileReference section */

/* Begin PBXFrameworksBuildPhase section */
		97B6D4D32A239D6100DB4196 /* Frameworks */ = {
			isa = PBXFrameworksBuildPhase;
			buildActionMask = 2147483647;
			files = (
			);
			runOnlyForDeploymentPostprocessing = 0;
		};
/* End PBXFrameworksBuildPhase section */

/* Begin PBXGroup section */
		97B6D4CD2A239D6100DB4196 = {
			isa = PBXGroup;
			children = (
				97B6D4D82A239D6100DB4196 /* Lost_item_sharing */,
				97B6D4D72A239D6100DB4196 /* Products */,
			);
			sourceTree = "<group>";
		};
		97B6D4D72A239D6100DB4196 /* Products */ = {
			isa = PBXGroup;
			children = (
				97B6D4D62A239D6100DB4196 /* Lost_item_sharing.app */,
			);
			name = Products;
			sourceTree = "<group>";
		};
		97B6D4D82A239D6100DB4196 /* Lost_item_sharing */ = {
			isa = PBXGroup;
			children = (
				9707CD6D2A24836100BD5947 /* post_VIew.swift */,
				97B6D4D92A239D6100DB4196 /* Lost_item_sharingApp.swift */,
				97B6D4DB2A239D6100DB4196 /* ContentView.swift */,
				974DC7142A24D1D300B22979 /* content_View.swift */,
				97B6D4E72A23A3CC00DB4196 /* my_profile_View.swift */,
				976EEFA42A2717730017709E /* tag_change_View.swift */,
				97B6D4DD2A239D6200DB4196 /* Assets.xcassets */,
				97B6D4DF2A239D6200DB4196 /* Preview Content */,
			);
			path = Lost_item_sharing;
			sourceTree = "<group>";
		};
		97B6D4DF2A239D6200DB4196 /* Preview Content */ = {
			isa = PBXGroup;
			children = (
				97B6D4E02A239D6200DB4196 /* Preview Assets.xcassets */,
			);
			path = "Preview Content";
			sourceTree = "<group>";
		};
/* End PBXGroup section */

/* Begin PBXNativeTarget section */
		97B6D4D52A239D6100DB4196 /* Lost_item_sharing */ = {
			isa = PBXNativeTarget;
			buildConfigurationList = 97B6D4E42A239D6200DB4196 /* Build configuration list for PBXNativeTarget "Lost_item_sharing" */;
			buildPhases = (
				97B6D4D22A239D6100DB4196 /* Sources */,
				97B6D4D32A239D6100DB4196 /* Frameworks */,
				97B6D4D42A239D6100DB4196 /* Resources */,
			);
			buildRules = (
			);
			dependencies = (
			);
			name = Lost_item_sharing;
			productName = Lost_item_sharing;
			productReference = 97B6D4D62A239D6100DB4196 /* Lost_item_sharing.app */;
			productType = "com.apple.product-type.application";
		};
/* End PBXNativeTarget section */

/* Begin PBXProject section */
		97B6D4CE2A239D6100DB4196 /* Project object */ = {
			isa = PBXProject;
			attributes = {
				BuildIndependentTargetsInParallel = 1;
				LastSwiftUpdateCheck = 1430;
				LastUpgradeCheck = 1430;
				TargetAttributes = {
					97B6D4D52A239D6100DB4196 = {
						CreatedOnToolsVersion = 14.3;
					};
				};
			};
			buildConfigurationList = 97B6D4D12A239D6100DB4196 /* Build configuration list for PBXProject "Lost_item_sharing" */;
			compatibilityVersion = "Xcode 14.0";
			developmentRegion = en;
			hasScannedForEncodings = 0;
			knownRegions = (
				en,
				Base,
			);
			mainGroup = 97B6D4CD2A239D6100DB4196;
			productRefGroup = 97B6D4D72A239D6100DB4196 /* Products */;
			projectDirPath = "";
			projectRoot = "";
			targets = (
				97B6D4D52A239D6100DB4196 /* Lost_item_sharing */,
			);
		};
/* End PBXProject section */

/* Begin PBXResourcesBuildPhase section */
		97B6D4D42A239D6100DB4196 /* Resources */ = {
			isa = PBXResourcesBuildPhase;
			buildActionMask = 2147483647;
			files = (
				97B6D4E12A239D6200DB4196 /* Preview Assets.xcassets in Resources */,
				97B6D4DE2A239D6200DB4196 /* Assets.xcassets in Resources */,
			);
			runOnlyForDeploymentPostprocessing = 0;
		};
/* End PBXResourcesBuildPhase section */

/* Begin PBXSourcesBuildPhase section */
		97B6D4D22A239D6100DB4196 /* Sources */ = {
			isa = PBXSourcesBuildPhase;
			buildActionMask = 2147483647;
			files = (
				97B6D4E82A23A3CC00DB4196 /* my_profile_View.swift in Sources */,
				97B6D4DC2A239D6100DB4196 /* ContentView.swift in Sources */,
				9707CD6E2A24836100BD5947 /* post_VIew.swift in Sources */,
				97B6D4DA2A239D6100DB4196 /* Lost_item_sharingApp.swift in Sources */,
				974DC7152A24D1D300B22979 /* content_View.swift in Sources */,
				976EEFA52A2717730017709E /* tag_change_View.swift in Sources */,
			);
			runOnlyForDeploymentPostprocessing = 0;
		};
/* End PBXSourcesBuildPhase section */

/* Begin XCBuildConfiguration section */
		97B6D4E22A239D6200DB4196 /* Debug */ = {
			isa = XCBuildConfiguration;
			buildSettings = {
				ALWAYS_SEARCH_USER_PATHS = NO;
				CLANG_ANALYZER_NONNULL = YES;
				CLANG_ANALYZER_NUMBER_OBJECT_CONVERSION = YES_AGGRESSIVE;
				CLANG_CXX_LANGUAGE_STANDARD = "gnu++20";
				CLANG_ENABLE_MODULES = YES;
				CLANG_ENABLE_OBJC_ARC = YES;
				CLANG_ENABLE_OBJC_WEAK = YES;
				CLANG_WARN_BLOCK_CAPTURE_AUTORELEASING = YES;
				CLANG_WARN_BOOL_CONVERSION = YES;
				CLANG_WARN_COMMA = YES;
				CLANG_WARN_CONSTANT_CONVERSION = YES;
				CLANG_WARN_DEPRECATED_OBJC_IMPLEMENTATIONS = YES;
				CLANG_WARN_DIRECT_OBJC_ISA_USAGE = YES_ERROR;
				CLANG_WARN_DOCUMENTATION_COMMENTS = YES;
				CLANG_WARN_EMPTY_BODY = YES;
				CLANG_WARN_ENUM_CONVERSION = YES;
				CLANG_WARN_INFINITE_RECURSION = YES;
				CLANG_WARN_INT_CONVERSION = YES;
				CLANG_WARN_NON_LITERAL_NULL_CONVERSION = YES;
				CLANG_WARN_OBJC_IMPLICIT_RETAIN_SELF = YES;
				CLANG_WARN_OBJC_LITERAL_CONVERSION = YES;
				CLANG_WARN_OBJC_ROOT_CLASS = YES_ERROR;
				CLANG_WARN_QUOTED_INCLUDE_IN_FRAMEWORK_HEADER = YES;
				CLANG_WARN_RANGE_LOOP_ANALYSIS = YES;
				CLANG_WARN_STRICT_PROTOTYPES = YES;
				CLANG_WARN_SUSPICIOUS_MOVE = YES;
				CLANG_WARN_UNGUARDED_AVAILABILITY = YES_AGGRESSIVE;
				CLANG_WARN_UNREACHABLE_CODE = YES;
				CLANG_WARN__DUPLICATE_METHOD_MATCH = YES;
				COPY_PHASE_STRIP = NO;
				DEBUG_INFORMATION_FORMAT = dwarf;
				ENABLE_STRICT_OBJC_MSGSEND = YES;
				ENABLE_TESTABILITY = YES;
				GCC_C_LANGUAGE_STANDARD = gnu11;
				GCC_DYNAMIC_NO_PIC = NO;
				GCC_NO_COMMON_BLOCKS = YES;
				GCC_OPTIMIZATION_LEVEL = 0;
				GCC_PREPROCESSOR_DEFINITIONS = (
					"DEBUG=1",
					"$(inherited)",
				);
				GCC_WARN_64_TO_32_BIT_CONVERSION = YES;
				GCC_WARN_ABOUT_RETURN_TYPE = YES_ERROR;
				GCC_WARN_UNDECLARED_SELECTOR = YES;
				GCC_WARN_UNINITIALIZED_AUTOS = YES_AGGRESSIVE;
				GCC_WARN_UNUSED_FUNCTION = YES;
				GCC_WARN_UNUSED_VARIABLE = YES;
				IPHONEOS_DEPLOYMENT_TARGET = 16.4;
				MTL_ENABLE_DEBUG_INFO = INCLUDE_SOURCE;
				MTL_FAST_MATH = YES;
				ONLY_ACTIVE_ARCH = YES;
				SDKROOT = iphoneos;
				SWIFT_ACTIVE_COMPILATION_CONDITIONS = DEBUG;
				SWIFT_OPTIMIZATION_LEVEL = "-Onone";
			};
			name = Debug;
		};
		97B6D4E32A239D6200DB4196 /* Release */ = {
			isa = XCBuildConfiguration;
			buildSettings = {
				ALWAYS_SEARCH_USER_PATHS = NO;
				CLANG_ANALYZER_NONNULL = YES;
				CLANG_ANALYZER_NUMBER_OBJECT_CONVERSION = YES_AGGRESSIVE;
				CLANG_CXX_LANGUAGE_STANDARD = "gnu++20";
				CLANG_ENABLE_MODULES = YES;
				CLANG_ENABLE_OBJC_ARC = YES;
				CLANG_ENABLE_OBJC_WEAK = YES;
				CLANG_WARN_BLOCK_CAPTURE_AUTORELEASING = YES;
				CLANG_WARN_BOOL_CONVERSION = YES;
				CLANG_WARN_COMMA = YES;
				CLANG_WARN_CONSTANT_CONVERSION = YES;
				CLANG_WARN_DEPRECATED_OBJC_IMPLEMENTATIONS = YES;
				CLANG_WARN_DIRECT_OBJC_ISA_USAGE = YES_ERROR;
				CLANG_WARN_DOCUMENTATION_COMMENTS = YES;
				CLANG_WARN_EMPTY_BODY = YES;
				CLANG_WARN_ENUM_CONVERSION = YES;
				CLANG_WARN_INFINITE_RECURSION = YES;
				CLANG_WARN_INT_CONVERSION = YES;
				CLANG_WARN_NON_LITERAL_NULL_CONVERSION = YES;
				CLANG_WARN_OBJC_IMPLICIT_RETAIN_SELF = YES;
				CLANG_WARN_OBJC_LITERAL_CONVERSION = YES;
				CLANG_WARN_OBJC_ROOT_CLASS = YES_ERROR;
				CLANG_WARN_QUOTED_INCLUDE_IN_FRAMEWORK_HEADER = YES;
				CLANG_WARN_RANGE_LOOP_ANALYSIS = YES;
				CLANG_WARN_STRICT_PROTOTYPES = YES;
				CLANG_WARN_SUSPICIOUS_MOVE = YES;
				CLANG_WARN_UNGUARDED_AVAILABILITY = YES_AGGRESSIVE;
				CLANG_WARN_UNREACHABLE_CODE = YES;
				CLANG_WARN__DUPLICATE_METHOD_MATCH = YES;
				COPY_PHASE_STRIP = NO;
				DEBUG_INFORMATION_FORMAT = "dwarf-with-dsym";
				ENABLE_NS_ASSERTIONS = NO;
				ENABLE_STRICT_OBJC_MSGSEND = YES;
				GCC_C_LANGUAGE_STANDARD = gnu11;
				GCC_NO_COMMON_BLOCKS = YES;
				GCC_WARN_64_TO_32_BIT_CONVERSION = YES;
				GCC_WARN_ABOUT_RETURN_TYPE = YES_ERROR;
				GCC_WARN_UNDECLARED_SELECTOR = YES;
				GCC_WARN_UNINITIALIZED_AUTOS = YES_AGGRESSIVE;
				GCC_WARN_UNUSED_FUNCTION = YES;
				GCC_WARN_UNUSED_VARIABLE = YES;
				IPHONEOS_DEPLOYMENT_TARGET = 16.4;
				MTL_ENABLE_DEBUG_INFO = NO;
				MTL_FAST_MATH = YES;
				SDKROOT = iphoneos;
				SWIFT_COMPILATION_MODE = wholemodule;
				SWIFT_OPTIMIZATION_LEVEL = "-O";
				VALIDATE_PRODUCT = YES;
			};
			name = Release;
		};
		97B6D4E52A239D6200DB4196 /* Debug */ = {
			isa = XCBuildConfiguration;
			buildSettings = {
				ASSETCATALOG_COMPILER_APPICON_NAME = AppIcon;
				ASSETCATALOG_COMPILER_GLOBAL_ACCENT_COLOR_NAME = AccentColor;
				CODE_SIGN_STYLE = Automatic;
				CURRENT_PROJECT_VERSION = 1;
				DEVELOPMENT_ASSET_PATHS = "\"Lost_item_sharing/Preview Content\"";
				DEVELOPMENT_TEAM = 87KC957S8D;
				ENABLE_PREVIEWS = YES;
				GENERATE_INFOPLIST_FILE = YES;
				INFOPLIST_KEY_UIApplicationSceneManifest_Generation = YES;
				INFOPLIST_KEY_UIApplicationSupportsIndirectInputEvents = YES;
				INFOPLIST_KEY_UILaunchScreen_Generation = YES;
				INFOPLIST_KEY_UISupportedInterfaceOrientations_iPad = "UIInterfaceOrientationPortrait UIInterfaceOrientationPortraitUpsideDown UIInterfaceOrientationLandscapeLeft UIInterfaceOrientationLandscapeRight";
				INFOPLIST_KEY_UISupportedInterfaceOrientations_iPhone = "UIInterfaceOrientationPortrait UIInterfaceOrientationLandscapeLeft UIInterfaceOrientationLandscapeRight";
				LD_RUNPATH_SEARCH_PATHS = (
					"$(inherited)",
					"@executable_path/Frameworks",
				);
				MARKETING_VERSION = 1.0;
				PRODUCT_BUNDLE_IDENTIFIER = "kaito.Lost-item-sharing";
				PRODUCT_NAME = "$(TARGET_NAME)";
				SWIFT_EMIT_LOC_STRINGS = YES;
				SWIFT_VERSION = 5.0;
				TARGETED_DEVICE_FAMILY = "1,2";
			};
			name = Debug;
		};
		97B6D4E62A239D6200DB4196 /* Release */ = {
			isa = XCBuildConfiguration;
			buildSettings = {
				ASSETCATALOG_COMPILER_APPICON_NAME = AppIcon;
				ASSETCATALOG_COMPILER_GLOBAL_ACCENT_COLOR_NAME = AccentColor;
				CODE_SIGN_STYLE = Automatic;
				CURRENT_PROJECT_VERSION = 1;
				DEVELOPMENT_ASSET_PATHS = "\"Lost_item_sharing/Preview Content\"";
				DEVELOPMENT_TEAM = 87KC957S8D;
				ENABLE_PREVIEWS = YES;
				GENERATE_INFOPLIST_FILE = YES;
				INFOPLIST_KEY_UIApplicationSceneManifest_Generation = YES;
				INFOPLIST_KEY_UIApplicationSupportsIndirectInputEvents = YES;
				INFOPLIST_KEY_UILaunchScreen_Generation = YES;
				INFOPLIST_KEY_UISupportedInterfaceOrientations_iPad = "UIInterfaceOrientationPortrait UIInterfaceOrientationPortraitUpsideDown UIInterfaceOrientationLandscapeLeft UIInterfaceOrientationLandscapeRight";
				INFOPLIST_KEY_UISupportedInterfaceOrientations_iPhone = "UIInterfaceOrientationPortrait UIInterfaceOrientationLandscapeLeft UIInterfaceOrientationLandscapeRight";
				LD_RUNPATH_SEARCH_PATHS = (
					"$(inherited)",
					"@executable_path/Frameworks",
				);
				MARKETING_VERSION = 1.0;
				PRODUCT_BUNDLE_IDENTIFIER = "kaito.Lost-item-sharing";
				PRODUCT_NAME = "$(TARGET_NAME)";
				SWIFT_EMIT_LOC_STRINGS = YES;
				SWIFT_VERSION = 5.0;
				TARGETED_DEVICE_FAMILY = "1,2";
			};
			name = Release;
		};
/* End XCBuildConfiguration section */

/* Begin XCConfigurationList section */
		97B6D4D12A239D6100DB4196 /* Build configuration list for PBXProject "Lost_item_sharing" */ = {
			isa = XCConfigurationList;
			buildConfigurations = (
				97B6D4E22A239D6200DB4196 /* Debug */,
				97B6D4E32A239D6200DB4196 /* Release */,
			);
			defaultConfigurationIsVisible = 0;
			defaultConfigurationName = Release;
		};
		97B6D4E42A239D6200DB4196 /* Build configuration list for PBXNativeTarget "Lost_item_sharing" */ = {
			isa = XCConfigurationList;
			buildConfigurations = (
				97B6D4E52A239D6200DB4196 /* Debug */,
				97B6D4E62A239D6200DB4196 /* Release */,
			);
			defaultConfigurationIsVisible = 0;
			defaultConfigurationName = Release;
		};
/* End XCConfigurationList section */
	};
	rootObject = 97B6D4CE2A239D6100DB4196 /* Project object */;
}
